SITE
  remote: http://community.opscode.com/api/v1
  specs:
    apt (6.1.4)
    ark (3.1.0)
      build-essential (>= 0.0.0)
      seven_zip (>= 0.0.0)
      windows (>= 0.0.0)
    build-essential (8.0.4)
      mingw (>= 1.1)
      seven_zip (>= 0.0.0)
    compat_resource (12.19.0)
    git (8.0.0)
      build-essential (>= 0.0.0)
      homebrew (>= 0.0.0)
    heroku-toolbelt (0.1.0)
    homebrew (4.2.0)
    locale (2.0.1)
    memcached (1.7.2)
      runit (~> 1.0)
      yum (~> 3.0)
      yum-epel (>= 0.0.0)
    mingw (2.0.1)
      seven_zip (>= 0.0.0)
    nodejs (5.0.0)
      ark (>= 2.0.2)
      build-essential (>= 0.0.0)
    ohai (5.2.0)
    packagecloud (0.3.0)
    packages (1.1.0)
    redisio (2.6.1)
      build-essential (>= 0.0.0)
      selinux_policy (>= 0.0.0)
      ulimit (>= 0.1.2)
    resolver (2.0.1)
    ruby_build (1.1.0)
      git (>= 0.0.0)
      yum-epel (>= 0.0.0)
    ruby_rbenv (1.0.1)
      ruby_build (>= 0.0.0)
    runit (1.8.0)
      packagecloud (>= 0.0.0)
      yum-epel (>= 0.0.0)
    selinux_policy (2.0.1)
      compat_resource (>= 12.16.3)
    seven_zip (2.0.2)
      windows (>= 1.2.2)
    ulimit (0.4.0)
    windows (3.4.3)
      ohai (>= 4.0.0)
    yum (3.13.0)
    yum-epel (2.1.2)
      compat_resource (>= 12.16.3)

GIT
  remote: https://github.com/ChowOps/chef-postgresql
  ref: master
  sha: d96c938e6ab18641b2bfced686fd3dc24320c857
  specs:
    postgresql (2.0.0)
      locale (>= 0.0.0)

DEPENDENCIES
  apt (>= 0)
  build-essential (>= 0)
  heroku-toolbelt (>= 0)
  memcached (= 1.7.2)
  nodejs (>= 0)
  packages (>= 0)
  postgresql (>= 0)
  redisio (>= 0)
  resolver (>= 0)
  ruby_build (>= 0)
  ruby_rbenv (= 1.0.1)

